
Microsoft Visual Studio Solution File, Format Version 12.00
# Visual Studio Version 16
VisualStudioVersion = 16.0.30225.117
MinimumVisualStudioVersion = 10.0.40219.1
Project("{FAE04EC0-301F-11D3-BF4B-00C04F79EFBC}") = "ACME", "ACME\ACME.csproj", "{23E547D0-DBC7-4BE3-974B-B29022A6FF7A}"
EndProject
Global
	GlobalSection(SolutionConfigurationPlatforms) = preSolution
		Debug|Any CPU = Debug|Any CPU
		Release|Any CPU = Release|Any CPU
	EndGlobalSection
	GlobalSection(ProjectConfigurationPlatforms) = postSolution
		{23E547D0-DBC7-4BE3-974B-B29022A6FF7A}.Debug|Any CPU.ActiveCfg = Debug|Any CPU
		{23E547D0-DBC7-4BE3-974B-B29022A6FF7A}.Debug|Any CPU.Build.0 = Debug|Any CPU
		{23E547D0-DBC7-4BE3-974B-B29022A6FF7A}.Release|Any CPU.ActiveCfg = Release|Any CPU
		{23E547D0-DBC7-4BE3-974B-B29022A6FF7A}.Release|Any CPU.Build.0 = Release|Any CPU
	EndGlobalSection
	GlobalSection(SolutionProperties) = preSolution
		HideSolutionNode = FALSE
	EndGlobalSection
	GlobalSection(ExtensibilityGlobals) = postSolution
		SolutionGuid = {67403735-337A-46C6-B756-436C67932B63}
	EndGlobalSection
EndGlobal
